
Microsoft Visual Studio Solution File, Format Version 12.00
# Visual Studio 15
VisualStudioVersion = 15.0.26730.16
MinimumVisualStudioVersion = 10.0.40219.1
Project("{FAE04EC0-301F-11D3-BF4B-00C04F79EFBC}") = "DigitalVoltmeter", "DigitalVoltmeter\DigitalVoltmeter.csproj", "{7E91928B-5BCC-47ED-B591-C58CD1A2D370}"
EndProject
Global
	GlobalSection(SolutionConfigurationPlatforms) = preSolution
		Debug|Any CPU = Debug|Any CPU
		Release|Any CPU = Release|Any CPU
	EndGlobalSection
	GlobalSection(ProjectConfigurationPlatforms) = postSolution
		{7E91928B-5BCC-47ED-B591-C58CD1A2D370}.Debug|Any CPU.ActiveCfg = Debug|Any CPU
		{7E91928B-5BCC-47ED-B591-C58CD1A2D370}.Debug|Any CPU.Build.0 = Debug|Any CPU
		{7E91928B-5BCC-47ED-B591-C58CD1A2D370}.Release|Any CPU.ActiveCfg = Release|Any CPU
		{7E91928B-5BCC-47ED-B591-C58CD1A2D370}.Release|Any CPU.Build.0 = Release|Any CPU
	EndGlobalSection
	GlobalSection(SolutionProperties) = preSolution
		HideSolutionNode = FALSE
	EndGlobalSection
	GlobalSection(ExtensibilityGlobals) = postSolution
		SolutionGuid = {BEFEEC4E-3DA7-4F52-8809-5B26035170E5}
	EndGlobalSection
EndGlobal
